
Microsoft Visual Studio Solution File, Format Version 12.00
# Visual Studio 14
VisualStudioVersion = 14.0.23107.0
MinimumVisualStudioVersion = 10.0.40219.1
Project("{FAE04EC0-301F-11D3-BF4B-00C04F79EFBC}") = "ContinuousJobApp", "ContinuousJobApp\ContinuousJobApp.csproj", "{AD976F02-5AC4-49C7-903F-B9F8674A19B5}"
EndProject
Global
	GlobalSection(SolutionConfigurationPlatforms) = preSolution
		Debug|Any CPU = Debug|Any CPU
		Release|Any CPU = Release|Any CPU
	EndGlobalSection
	GlobalSection(ProjectConfigurationPlatforms) = postSolution
		{AD976F02-5AC4-49C7-903F-B9F8674A19B5}.Debug|Any CPU.ActiveCfg = Debug|Any CPU
		{AD976F02-5AC4-49C7-903F-B9F8674A19B5}.Debug|Any CPU.Build.0 = Debug|Any CPU
		{AD976F02-5AC4-49C7-903F-B9F8674A19B5}.Release|Any CPU.ActiveCfg = Release|Any CPU
		{AD976F02-5AC4-49C7-903F-B9F8674A19B5}.Release|Any CPU.Build.0 = Release|Any CPU
	EndGlobalSection
	GlobalSection(SolutionProperties) = preSolution
		HideSolutionNode = FALSE
	EndGlobalSection
EndGlobal
